// !$*UTF8*$!
{
	archiveVersion = 1;
	classes = {
	};
	objectVersion = 56;
	objects = {

/* Begin PBXBuildFile section */
		4871E3032942C4CA000ECE2E /* FetchingOTPApp.swift in Sources */ = {isa = PBXBuildFile; fileRef = 4871E3022942C4CA000ECE2E /* FetchingOTPApp.swift */; };
		4871E3052942C4CA000ECE2E /* ContentView.swift in Sources */ = {isa = PBXBuildFile; fileRef = 4871E3042942C4CA000ECE2E /* ContentView.swift */; };
		4871E3072942C4CB000ECE2E /* Assets.xcassets in Resources */ = {isa = PBXBuildFile; fileRef = 4871E3062942C4CB000ECE2E /* Assets.xcassets */; };
		4871E30A2942C4CB000ECE2E /* Preview Assets.xcassets in Resources */ = {isa = PBXBuildFile; fileRef = 4871E3092942C4CB000ECE2E /* Preview Assets.xcassets */; };
		4871E3132942C520000ECE2E /* OTPViewModel.swift in Sources */ = {isa = PBXBuildFile; fileRef = 4871E3122942C520000ECE2E /* OTPViewModel.swift */; };
		4871E3152942C53A000ECE2E /* Verification.swift in Sources */ = {isa = PBXBuildFile; fileRef = 4871E3142942C53A000ECE2E /* Verification.swift */; };
		4871E31729432C5A000ECE2E /* GoogleService-Info.plist in Resources */ = {isa = PBXBuildFile; fileRef = 4871E31629432C5A000ECE2E /* GoogleService-Info.plist */; };
		4871E31B29432D7B000ECE2E /* FirebaseAuth in Frameworks */ = {isa = PBXBuildFile; productRef = 4871E31A29432D7B000ECE2E /* FirebaseAuth */; };
		4871E31D29432D7B000ECE2E /* FirebaseAuthCombine-Community in Frameworks */ = {isa = PBXBuildFile; productRef = 4871E31C29432D7B000ECE2E /* FirebaseAuthCombine-Community */; };
		4871E31F29432D7B000ECE2E /* FirebaseCrashlytics in Frameworks */ = {isa = PBXBuildFile; productRef = 4871E31E29432D7B000ECE2E /* FirebaseCrashlytics */; };
		4871E32129432DAE000ECE2E /* LoginView.swift in Sources */ = {isa = PBXBuildFile; fileRef = 4871E32029432DAE000ECE2E /* LoginView.swift */; };
		4871E32329439B5B000ECE2E /* ViewFactory.swift in Sources */ = {isa = PBXBuildFile; fileRef = 4871E32229439B5B000ECE2E /* ViewFactory.swift */; };
		4871E32529439C0B000ECE2E /* HomeView.swift in Sources */ = {isa = PBXBuildFile; fileRef = 4871E32429439C0B000ECE2E /* HomeView.swift */; };
		4871E32729439DD2000ECE2E /* Coordinator.swift in Sources */ = {isa = PBXBuildFile; fileRef = 4871E32629439DD2000ECE2E /* Coordinator.swift */; };
/* End PBXBuildFile section */

/* Begin PBXFileReference section */
		4871E2FF2942C4CA000ECE2E /* FetchingOTP.app */ = {isa = PBXFileReference; explicitFileType = wrapper.application; includeInIndex = 0; path = FetchingOTP.app; sourceTree = BUILT_PRODUCTS_DIR; };
		4871E3022942C4CA000ECE2E /* FetchingOTPApp.swift */ = {isa = PBXFileReference; lastKnownFileType = sourcecode.swift; path = FetchingOTPApp.swift; sourceTree = "<group>"; };
		4871E3042942C4CA000ECE2E /* ContentView.swift */ = {isa = PBXFileReference; lastKnownFileType = sourcecode.swift; path = ContentView.swift; sourceTree = "<group>"; };
		4871E3062942C4CB000ECE2E /* Assets.xcassets */ = {isa = PBXFileReference; lastKnownFileType = folder.assetcatalog; path = Assets.xcassets; sourceTree = "<group>"; };
		4871E3092942C4CB000ECE2E /* Preview Assets.xcassets */ = {isa = PBXFileReference; lastKnownFileType = folder.assetcatalog; path = "Preview Assets.xcassets"; sourceTree = "<group>"; };
		4871E3122942C520000ECE2E /* OTPViewModel.swift */ = {isa = PBXFileReference; lastKnownFileType = sourcecode.swift; path = OTPViewModel.swift; sourceTree = "<group>"; };
		4871E3142942C53A000ECE2E /* Verification.swift */ = {isa = PBXFileReference; lastKnownFileType = sourcecode.swift; path = Verification.swift; sourceTree = "<group>"; };
		4871E31629432C5A000ECE2E /* GoogleService-Info.plist */ = {isa = PBXFileReference; fileEncoding = 4; lastKnownFileType = text.plist.xml; path = "GoogleService-Info.plist"; sourceTree = "<group>"; };
		4871E31829432C84000ECE2E /* Info.plist */ = {isa = PBXFileReference; lastKnownFileType = text.plist; path = Info.plist; sourceTree = "<group>"; };
		4871E32029432DAE000ECE2E /* LoginView.swift */ = {isa = PBXFileReference; lastKnownFileType = sourcecode.swift; path = LoginView.swift; sourceTree = "<group>"; };
		4871E32229439B5B000ECE2E /* ViewFactory.swift */ = {isa = PBXFileReference; lastKnownFileType = sourcecode.swift; path = ViewFactory.swift; sourceTree = "<group>"; };
		4871E32429439C0B000ECE2E /* HomeView.swift */ = {isa = PBXFileReference; lastKnownFileType = sourcecode.swift; path = HomeView.swift; sourceTree = "<group>"; };
		4871E32629439DD2000ECE2E /* Coordinator.swift */ = {isa = PBXFileReference; lastKnownFileType = sourcecode.swift; path = Coordinator.swift; sourceTree = "<group>"; };
		4871E3282944ECDD000ECE2E /* README.md */ = {isa = PBXFileReference; lastKnownFileType = net.daringfireball.markdown; path = README.md; sourceTree = "<group>"; };
/* End PBXFileReference section */

/* Begin PBXFrameworksBuildPhase section */
		4871E2FC2942C4CA000ECE2E /* Frameworks */ = {
			isa = PBXFrameworksBuildPhase;
			buildActionMask = 2147483647;
			files = (
				4871E31F29432D7B000ECE2E /* FirebaseCrashlytics in Frameworks */,
				4871E31B29432D7B000ECE2E /* FirebaseAuth in Frameworks */,
				4871E31D29432D7B000ECE2E /* FirebaseAuthCombine-Community in Frameworks */,
			);
			runOnlyForDeploymentPostprocessing = 0;
		};
/* End PBXFrameworksBuildPhase section */

/* Begin PBXGroup section */
		4871E2F62942C4CA000ECE2E = {
			isa = PBXGroup;
			children = (
				4871E3282944ECDD000ECE2E /* README.md */,
				4871E31629432C5A000ECE2E /* GoogleService-Info.plist */,
				4871E3012942C4CA000ECE2E /* FetchingOTP */,
				4871E3002942C4CA000ECE2E /* Products */,
			);
			sourceTree = "<group>";
		};
		4871E3002942C4CA000ECE2E /* Products */ = {
			isa = PBXGroup;
			children = (
				4871E2FF2942C4CA000ECE2E /* FetchingOTP.app */,
			);
			name = Products;
			sourceTree = "<group>";
		};
		4871E3012942C4CA000ECE2E /* FetchingOTP */ = {
			isa = PBXGroup;
			children = (
				4871E31829432C84000ECE2E /* Info.plist */,
				4871E3112942C4F3000ECE2E /* ViewModel */,
				4871E3022942C4CA000ECE2E /* FetchingOTPApp.swift */,
				4871E3042942C4CA000ECE2E /* ContentView.swift */,
				4871E3102942C4E9000ECE2E /* View */,
				4871E3062942C4CB000ECE2E /* Assets.xcassets */,
				4871E3082942C4CB000ECE2E /* Preview Content */,
			);
			path = FetchingOTP;
			sourceTree = "<group>";
		};
		4871E3082942C4CB000ECE2E /* Preview Content */ = {
			isa = PBXGroup;
			children = (
				4871E3092942C4CB000ECE2E /* Preview Assets.xcassets */,
			);
			path = "Preview Content";
			sourceTree = "<group>";
		};
		4871E3102942C4E9000ECE2E /* View */ = {
			isa = PBXGroup;
			children = (
				4871E3142942C53A000ECE2E /* Verification.swift */,
				4871E32029432DAE000ECE2E /* LoginView.swift */,
				4871E32229439B5B000ECE2E /* ViewFactory.swift */,
				4871E32429439C0B000ECE2E /* HomeView.swift */,
				4871E32629439DD2000ECE2E /* Coordinator.swift */,
			);
			path = View;
			sourceTree = "<group>";
		};
		4871E3112942C4F3000ECE2E /* ViewModel */ = {
			isa = PBXGroup;
			children = (
				4871E3122942C520000ECE2E /* OTPViewModel.swift */,
			);
			path = ViewModel;
			sourceTree = "<group>";
		};
/* End PBXGroup section */

/* Begin PBXNativeTarget section */
		4871E2FE2942C4CA000ECE2E /* FetchingOTP */ = {
			isa = PBXNativeTarget;
			buildConfigurationList = 4871E30D2942C4CB000ECE2E /* Build configuration list for PBXNativeTarget "FetchingOTP" */;
			buildPhases = (
				4871E2FB2942C4CA000ECE2E /* Sources */,
				4871E2FC2942C4CA000ECE2E /* Frameworks */,
				4871E2FD2942C4CA000ECE2E /* Resources */,
				4871E3292944F3D2000ECE2E /* ShellScript */,
			);
			buildRules = (
			);
			dependencies = (
			);
			name = FetchingOTP;
			packageProductDependencies = (
				4871E31A29432D7B000ECE2E /* FirebaseAuth */,
				4871E31C29432D7B000ECE2E /* FirebaseAuthCombine-Community */,
				4871E31E29432D7B000ECE2E /* FirebaseCrashlytics */,
			);
			productName = FetchingOTP;
			productReference = 4871E2FF2942C4CA000ECE2E /* FetchingOTP.app */;
			productType = "com.apple.product-type.application";
		};
/* End PBXNativeTarget section */

/* Begin PBXProject section */
		4871E2F72942C4CA000ECE2E /* Project object */ = {
			isa = PBXProject;
			attributes = {
				BuildIndependentTargetsInParallel = 1;
				LastSwiftUpdateCheck = 1410;
				LastUpgradeCheck = 1410;
				TargetAttributes = {
					4871E2FE2942C4CA000ECE2E = {
						CreatedOnToolsVersion = 14.1;
					};
				};
			};
			buildConfigurationList = 4871E2FA2942C4CA000ECE2E /* Build configuration list for PBXProject "FetchingOTP" */;
			compatibilityVersion = "Xcode 14.0";
			developmentRegion = en;
			hasScannedForEncodings = 0;
			knownRegions = (
				en,
				Base,
			);
			mainGroup = 4871E2F62942C4CA000ECE2E;
			packageReferences = (
				4871E31929432D7B000ECE2E /* XCRemoteSwiftPackageReference "firebase-ios-sdk" */,
			);
			productRefGroup = 4871E3002942C4CA000ECE2E /* Products */;
			projectDirPath = "";
			projectRoot = "";
			targets = (
				4871E2FE2942C4CA000ECE2E /* FetchingOTP */,
			);
		};
/* End PBXProject section */

/* Begin PBXResourcesBuildPhase section */
		4871E2FD2942C4CA000ECE2E /* Resources */ = {
			isa = PBXResourcesBuildPhase;
			buildActionMask = 2147483647;
			files = (
				4871E30A2942C4CB000ECE2E /* Preview Assets.xcassets in Resources */,
				4871E3072942C4CB000ECE2E /* Assets.xcassets in Resources */,
				4871E31729432C5A000ECE2E /* GoogleService-Info.plist in Resources */,
			);
			runOnlyForDeploymentPostprocessing = 0;
		};
/* End PBXResourcesBuildPhase section */

/* Begin PBXShellScriptBuildPhase section */
		4871E3292944F3D2000ECE2E /* ShellScript */ = {
			isa = PBXShellScriptBuildPhase;
			buildActionMask = 2147483647;
			files = (
			);
			inputFileListPaths = (
			);
			inputPaths = (
				"${DWARF_DSYM_FOLDER_PATH}/${DWARF_DSYM_FILE_NAME}/Contents/Resources/DWARF/${TARGET_NAME}",
				"$(SRCROOT)/$(BUILT_PRODUCTS_DIR)/$(INFOPLIST_PATH)",
			);
			outputFileListPaths = (
			);
			outputPaths = (
			);
			runOnlyForDeploymentPostprocessing = 0;
			shellPath = /bin/sh;
			shellScript = "# Type a script or drag a script file from your workspace to insert its path.\n\"${BUILD_DIR%/Build/*}/SourcePackages/checkouts/firebase-ios-sdk/Crashlytics/run\"\n";
		};
/* End PBXShellScriptBuildPhase section */

/* Begin PBXSourcesBuildPhase section */
		4871E2FB2942C4CA000ECE2E /* Sources */ = {
			isa = PBXSourcesBuildPhase;
			buildActionMask = 2147483647;
			files = (
				4871E32729439DD2000ECE2E /* Coordinator.swift in Sources */,
				4871E3152942C53A000ECE2E /* Verification.swift in Sources */,
				4871E32529439C0B000ECE2E /* HomeView.swift in Sources */,
				4871E32329439B5B000ECE2E /* ViewFactory.swift in Sources */,
				4871E3052942C4CA000ECE2E /* ContentView.swift in Sources */,
				4871E3032942C4CA000ECE2E /* FetchingOTPApp.swift in Sources */,
				4871E32129432DAE000ECE2E /* LoginView.swift in Sources */,
				4871E3132942C520000ECE2E /* OTPViewModel.swift in Sources */,
			);
			runOnlyForDeploymentPostprocessing = 0;
		};
/* End PBXSourcesBuildPhase section */

/* Begin XCBuildConfiguration section */
		4871E30B2942C4CB000ECE2E /* Debug */ = {
			isa = XCBuildConfiguration;
			buildSettings = {
				ALWAYS_SEARCH_USER_PATHS = NO;
				CLANG_ANALYZER_NONNULL = YES;
				CLANG_ANALYZER_NUMBER_OBJECT_CONVERSION = YES_AGGRESSIVE;
				CLANG_CXX_LANGUAGE_STANDARD = "gnu++20";
				CLANG_ENABLE_MODULES = YES;
				CLANG_ENABLE_OBJC_ARC = YES;
				CLANG_ENABLE_OBJC_WEAK = YES;
				CLANG_WARN_BLOCK_CAPTURE_AUTORELEASING = YES;
				CLANG_WARN_BOOL_CONVERSION = YES;
				CLANG_WARN_COMMA = YES;
				CLANG_WARN_CONSTANT_CONVERSION = YES;
				CLANG_WARN_DEPRECATED_OBJC_IMPLEMENTATIONS = YES;
				CLANG_WARN_DIRECT_OBJC_ISA_USAGE = YES_ERROR;
				CLANG_WARN_DOCUMENTATION_COMMENTS = YES;
				CLANG_WARN_EMPTY_BODY = YES;
				CLANG_WARN_ENUM_CONVERSION = YES;
				CLANG_WARN_INFINITE_RECURSION = YES;
				CLANG_WARN_INT_CONVERSION = YES;
				CLANG_WARN_NON_LITERAL_NULL_CONVERSION = YES;
				CLANG_WARN_OBJC_IMPLICIT_RETAIN_SELF = YES;
				CLANG_WARN_OBJC_LITERAL_CONVERSION = YES;
				CLANG_WARN_OBJC_ROOT_CLASS = YES_ERROR;
				CLANG_WARN_QUOTED_INCLUDE_IN_FRAMEWORK_HEADER = YES;
				CLANG_WARN_RANGE_LOOP_ANALYSIS = YES;
				CLANG_WARN_STRICT_PROTOTYPES = YES;
				CLANG_WARN_SUSPICIOUS_MOVE = YES;
				CLANG_WARN_UNGUARDED_AVAILABILITY = YES_AGGRESSIVE;
				CLANG_WARN_UNREACHABLE_CODE = YES;
				CLANG_WARN__DUPLICATE_METHOD_MATCH = YES;
				COPY_PHASE_STRIP = NO;
				DEBUG_INFORMATION_FORMAT = dwarf;
				ENABLE_STRICT_OBJC_MSGSEND = YES;
				ENABLE_TESTABILITY = YES;
				GCC_C_LANGUAGE_STANDARD = gnu11;
				GCC_DYNAMIC_NO_PIC = NO;
				GCC_NO_COMMON_BLOCKS = YES;
				GCC_OPTIMIZATION_LEVEL = 0;
				GCC_PREPROCESSOR_DEFINITIONS = (
					"DEBUG=1",
					"$(inherited)",
				);
				GCC_WARN_64_TO_32_BIT_CONVERSION = YES;
				GCC_WARN_ABOUT_RETURN_TYPE = YES_ERROR;
				GCC_WARN_UNDECLARED_SELECTOR = YES;
				GCC_WARN_UNINITIALIZED_AUTOS = YES_AGGRESSIVE;
				GCC_WARN_UNUSED_FUNCTION = YES;
				GCC_WARN_UNUSED_VARIABLE = YES;
				IPHONEOS_DEPLOYMENT_TARGET = 16.1;
				MTL_ENABLE_DEBUG_INFO = INCLUDE_SOURCE;
				MTL_FAST_MATH = YES;
				ONLY_ACTIVE_ARCH = YES;
				SDKROOT = iphoneos;
				SWIFT_ACTIVE_COMPILATION_CONDITIONS = DEBUG;
				SWIFT_OPTIMIZATION_LEVEL = "-Onone";
			};
			name = Debug;
		};
		4871E30C2942C4CB000ECE2E /* Release */ = {
			isa = XCBuildConfiguration;
			buildSettings = {
				ALWAYS_SEARCH_USER_PATHS = NO;
				CLANG_ANALYZER_NONNULL = YES;
				CLANG_ANALYZER_NUMBER_OBJECT_CONVERSION = YES_AGGRESSIVE;
				CLANG_CXX_LANGUAGE_STANDARD = "gnu++20";
				CLANG_ENABLE_MODULES = YES;
				CLANG_ENABLE_OBJC_ARC = YES;
				CLANG_ENABLE_OBJC_WEAK = YES;
				CLANG_WARN_BLOCK_CAPTURE_AUTORELEASING = YES;
				CLANG_WARN_BOOL_CONVERSION = YES;
				CLANG_WARN_COMMA = YES;
				CLANG_WARN_CONSTANT_CONVERSION = YES;
				CLANG_WARN_DEPRECATED_OBJC_IMPLEMENTATIONS = YES;
				CLANG_WARN_DIRECT_OBJC_ISA_USAGE = YES_ERROR;
				CLANG_WARN_DOCUMENTATION_COMMENTS = YES;
				CLANG_WARN_EMPTY_BODY = YES;
				CLANG_WARN_ENUM_CONVERSION = YES;
				CLANG_WARN_INFINITE_RECURSION = YES;
				CLANG_WARN_INT_CONVERSION = YES;
				CLANG_WARN_NON_LITERAL_NULL_CONVERSION = YES;
				CLANG_WARN_OBJC_IMPLICIT_RETAIN_SELF = YES;
				CLANG_WARN_OBJC_LITERAL_CONVERSION = YES;
				CLANG_WARN_OBJC_ROOT_CLASS = YES_ERROR;
				CLANG_WARN_QUOTED_INCLUDE_IN_FRAMEWORK_HEADER = YES;
				CLANG_WARN_RANGE_LOOP_ANALYSIS = YES;
				CLANG_WARN_STRICT_PROTOTYPES = YES;
				CLANG_WARN_SUSPICIOUS_MOVE = YES;
				CLANG_WARN_UNGUARDED_AVAILABILITY = YES_AGGRESSIVE;
				CLANG_WARN_UNREACHABLE_CODE = YES;
				CLANG_WARN__DUPLICATE_METHOD_MATCH = YES;
				COPY_PHASE_STRIP = NO;
				DEBUG_INFORMATION_FORMAT = "dwarf-with-dsym";
				ENABLE_NS_ASSERTIONS = NO;
				ENABLE_STRICT_OBJC_MSGSEND = YES;
				GCC_C_LANGUAGE_STANDARD = gnu11;
				GCC_NO_COMMON_BLOCKS = YES;
				GCC_WARN_64_TO_32_BIT_CONVERSION = YES;
				GCC_WARN_ABOUT_RETURN_TYPE = YES_ERROR;
				GCC_WARN_UNDECLARED_SELECTOR = YES;
				GCC_WARN_UNINITIALIZED_AUTOS = YES_AGGRESSIVE;
				GCC_WARN_UNUSED_FUNCTION = YES;
				GCC_WARN_UNUSED_VARIABLE = YES;
				IPHONEOS_DEPLOYMENT_TARGET = 16.1;
				MTL_ENABLE_DEBUG_INFO = NO;
				MTL_FAST_MATH = YES;
				SDKROOT = iphoneos;
				SWIFT_COMPILATION_MODE = wholemodule;
				SWIFT_OPTIMIZATION_LEVEL = "-O";
				VALIDATE_PRODUCT = YES;
			};
			name = Release;
		};
		4871E30E2942C4CB000ECE2E /* Debug */ = {
			isa = XCBuildConfiguration;
			buildSettings = {
				ASSETCATALOG_COMPILER_APPICON_NAME = AppIcon;
				ASSETCATALOG_COMPILER_GLOBAL_ACCENT_COLOR_NAME = AccentColor;
				CODE_SIGN_STYLE = Automatic;
				CURRENT_PROJECT_VERSION = 1;
				DEBUG_INFORMATION_FORMAT = "dwarf-with-dsym";
				DEVELOPMENT_ASSET_PATHS = "\"FetchingOTP/Preview Content\"";
				DEVELOPMENT_TEAM = UQE8HAFWVF;
				ENABLE_PREVIEWS = YES;
				GENERATE_INFOPLIST_FILE = YES;
				INFOPLIST_FILE = FetchingOTP/Info.plist;
				INFOPLIST_KEY_UIApplicationSceneManifest_Generation = YES;
				INFOPLIST_KEY_UIApplicationSupportsIndirectInputEvents = YES;
				INFOPLIST_KEY_UILaunchScreen_Generation = YES;
				INFOPLIST_KEY_UISupportedInterfaceOrientations_iPad = "UIInterfaceOrientationPortrait UIInterfaceOrientationPortraitUpsideDown UIInterfaceOrientationLandscapeLeft UIInterfaceOrientationLandscapeRight";
				INFOPLIST_KEY_UISupportedInterfaceOrientations_iPhone = "UIInterfaceOrientationPortrait UIInterfaceOrientationLandscapeLeft UIInterfaceOrientationLandscapeRight";
				LD_RUNPATH_SEARCH_PATHS = (
					"$(inherited)",
					"@executable_path/Frameworks",
				);
				MARKETING_VERSION = 1.0;
				PRODUCT_BUNDLE_IDENTIFIER = com.lenny.FetchingOTP;
				PRODUCT_NAME = "$(TARGET_NAME)";
				SWIFT_EMIT_LOC_STRINGS = YES;
				SWIFT_VERSION = 5.0;
				TARGETED_DEVICE_FAMILY = "1,2";
			};
			name = Debug;
		};
		4871E30F2942C4CB000ECE2E /* Release */ = {
			isa = XCBuildConfiguration;
			buildSettings = {
				ASSETCATALOG_COMPILER_APPICON_NAME = AppIcon;
				ASSETCATALOG_COMPILER_GLOBAL_ACCENT_COLOR_NAME = AccentColor;
				CODE_SIGN_STYLE = Automatic;
				CURRENT_PROJECT_VERSION = 1;
				DEVELOPMENT_ASSET_PATHS = "\"FetchingOTP/Preview Content\"";
				DEVELOPMENT_TEAM = UQE8HAFWVF;
				ENABLE_PREVIEWS = YES;
				GENERATE_INFOPLIST_FILE = YES;
				INFOPLIST_FILE = FetchingOTP/Info.plist;
				INFOPLIST_KEY_UIApplicationSceneManifest_Generation = YES;
				INFOPLIST_KEY_UIApplicationSupportsIndirectInputEvents = YES;
				INFOPLIST_KEY_UILaunchScreen_Generation = YES;
				INFOPLIST_KEY_UISupportedInterfaceOrientations_iPad = "UIInterfaceOrientationPortrait UIInterfaceOrientationPortraitUpsideDown UIInterfaceOrientationLandscapeLeft UIInterfaceOrientationLandscapeRight";
				INFOPLIST_KEY_UISupportedInterfaceOrientations_iPhone = "UIInterfaceOrientationPortrait UIInterfaceOrientationLandscapeLeft UIInterfaceOrientationLandscapeRight";
				LD_RUNPATH_SEARCH_PATHS = (
					"$(inherited)",
					"@executable_path/Frameworks",
				);
				MARKETING_VERSION = 1.0;
				PRODUCT_BUNDLE_IDENTIFIER = com.lenny.FetchingOTP;
				PRODUCT_NAME = "$(TARGET_NAME)";
				SWIFT_EMIT_LOC_STRINGS = YES;
				SWIFT_VERSION = 5.0;
				TARGETED_DEVICE_FAMILY = "1,2";
			};
			name = Release;
		};
/* End XCBuildConfiguration section */

/* Begin XCConfigurationList section */
		4871E2FA2942C4CA000ECE2E /* Build configuration list for PBXProject "FetchingOTP" */ = {
			isa = XCConfigurationList;
			buildConfigurations = (
				4871E30B2942C4CB000ECE2E /* Debug */,
				4871E30C2942C4CB000ECE2E /* Release */,
			);
			defaultConfigurationIsVisible = 0;
			defaultConfigurationName = Release;
		};
		4871E30D2942C4CB000ECE2E /* Build configuration list for PBXNativeTarget "FetchingOTP" */ = {
			isa = XCConfigurationList;
			buildConfigurations = (
				4871E30E2942C4CB000ECE2E /* Debug */,
				4871E30F2942C4CB000ECE2E /* Release */,
			);
			defaultConfigurationIsVisible = 0;
			defaultConfigurationName = Release;
		};
/* End XCConfigurationList section */

/* Begin XCRemoteSwiftPackageReference section */
		4871E31929432D7B000ECE2E /* XCRemoteSwiftPackageReference "firebase-ios-sdk" */ = {
			isa = XCRemoteSwiftPackageReference;
			repositoryURL = "https://github.com/firebase/firebase-ios-sdk";
			requirement = {
				kind = upToNextMajorVersion;
				minimumVersion = 9.0.0;
			};
		};
/* End XCRemoteSwiftPackageReference section */

/* Begin XCSwiftPackageProductDependency section */
		4871E31A29432D7B000ECE2E /* FirebaseAuth */ = {
			isa = XCSwiftPackageProductDependency;
			package = 4871E31929432D7B000ECE2E /* XCRemoteSwiftPackageReference "firebase-ios-sdk" */;
			productName = FirebaseAuth;
		};
		4871E31C29432D7B000ECE2E /* FirebaseAuthCombine-Community */ = {
			isa = XCSwiftPackageProductDependency;
			package = 4871E31929432D7B000ECE2E /* XCRemoteSwiftPackageReference "firebase-ios-sdk" */;
			productName = "FirebaseAuthCombine-Community";
		};
		4871E31E29432D7B000ECE2E /* FirebaseCrashlytics */ = {
			isa = XCSwiftPackageProductDependency;
			package = 4871E31929432D7B000ECE2E /* XCRemoteSwiftPackageReference "firebase-ios-sdk" */;
			productName = FirebaseCrashlytics;
		};
/* End XCSwiftPackageProductDependency section */
	};
	rootObject = 4871E2F72942C4CA000ECE2E /* Project object */;
}
